
Microsoft Visual Studio Solution File, Format Version 12.00
# Visual Studio Version 17
VisualStudioVersion = 17.7.34024.191
MinimumVisualStudioVersion = 10.0.40219.1
Project("{FAE04EC0-301F-11D3-BF4B-00C04F79EFBC}") = "webapp", "webapp\webapp.csproj", "{469AA913-9706-4139-89B8-88EED4FCF42D}"
EndProject
Global
	GlobalSection(SolutionConfigurationPlatforms) = preSolution
		Debug|Any CPU = Debug|Any CPU
		Release|Any CPU = Release|Any CPU
	EndGlobalSection
	GlobalSection(ProjectConfigurationPlatforms) = postSolution
		{469AA913-9706-4139-89B8-88EED4FCF42D}.Debug|Any CPU.ActiveCfg = Debug|Any CPU
		{469AA913-9706-4139-89B8-88EED4FCF42D}.Debug|Any CPU.Build.0 = Debug|Any CPU
		{469AA913-9706-4139-89B8-88EED4FCF42D}.Release|Any CPU.ActiveCfg = Release|Any CPU
		{469AA913-9706-4139-89B8-88EED4FCF42D}.Release|Any CPU.Build.0 = Release|Any CPU
	EndGlobalSection
	GlobalSection(SolutionProperties) = preSolution
		HideSolutionNode = FALSE
	EndGlobalSection
	GlobalSection(ExtensibilityGlobals) = postSolution
		SolutionGuid = {365B17C2-2B4D-42D6-9BF6-00407D938788}
	EndGlobalSection
EndGlobal
